
Microsoft Visual Studio Solution File, Format Version 12.00
# Visual Studio 15
VisualStudioVersion = 15.0.28307.572
MinimumVisualStudioVersion = 10.0.40219.1
Project("{FAE04EC0-301F-11D3-BF4B-00C04F79EFBC}") = "IoasysApi", "IoasysApi\IoasysApi.csproj", "{0B3E15C6-1C7A-4C11-BA51-F9F19CE07F0F}"
EndProject
Global
	GlobalSection(SolutionConfigurationPlatforms) = preSolution
		Debug|Any CPU = Debug|Any CPU
		Release|Any CPU = Release|Any CPU
	EndGlobalSection
	GlobalSection(ProjectConfigurationPlatforms) = postSolution
		{0B3E15C6-1C7A-4C11-BA51-F9F19CE07F0F}.Debug|Any CPU.ActiveCfg = Debug|Any CPU
		{0B3E15C6-1C7A-4C11-BA51-F9F19CE07F0F}.Debug|Any CPU.Build.0 = Debug|Any CPU
		{0B3E15C6-1C7A-4C11-BA51-F9F19CE07F0F}.Release|Any CPU.ActiveCfg = Release|Any CPU
		{0B3E15C6-1C7A-4C11-BA51-F9F19CE07F0F}.Release|Any CPU.Build.0 = Release|Any CPU
	EndGlobalSection
	GlobalSection(SolutionProperties) = preSolution
		HideSolutionNode = FALSE
	EndGlobalSection
	GlobalSection(ExtensibilityGlobals) = postSolution
		SolutionGuid = {20B48802-637E-47D2-B1C7-017945704B34}
	EndGlobalSection
EndGlobal
